{
  "name": "Permute",
  "version": "0.5.1",
  "lockfileVersion": 2,
  "requires": true,
  "packages": {
    "": {
      "name": "Permute",
      "version": "0.5.1",
      "hasInstallScript": true,
      "license": "MIT",
      "dependencies": {
        "permute-node": "file:../../../permute-node/permute-node-0.2.0.tgz"
      }
    },
    "node_modules/permute-node": {
      "version": "0.2.0",
      "resolved": "file:../../../permute-node/permute-node-0.2.0.tgz",
      "integrity": "sha512-U/tcujLG66a8TYxLkI49M6awW7UOI69GmpA3CWHZ0QOnodDMZ/h9BlzDYJBlDanmmmLcO8AmgBm8p7LlfJsADQ==",
      "license": "ISC",
      "dependencies": {
        "typescript": "4.9.5"
      }
    },
    "node_modules/typescript": {
      "version": "4.9.5",
      "resolved": "https://registry.npmjs.org/typescript/-/typescript-4.9.5.tgz",
      "integrity": "sha512-1FXk9E2Hm+QzZQ7z+McJiHL4NW1F2EzMu9Nq9i3zAaGqibafqYwCVU6WyWAuyQRRzOlxou8xZSyXLEN8oKj24g==",
      "bin": {
        "tsc": "bin/tsc",
        "tsserver": "bin/tsserver"
      },
      "engines": {
        "node": ">=4.2.0"
      }
    }
  },
  "dependencies": {
    "permute-node": {
      "version": "file:../../../permute-node/permute-node-0.2.0.tgz",
      "integrity": "sha512-U/tcujLG66a8TYxLkI49M6awW7UOI69GmpA3CWHZ0QOnodDMZ/h9BlzDYJBlDanmmmLcO8AmgBm8p7LlfJsADQ==",
      "requires": {
        "typescript": "4.9.5"
      }
    },
    "typescript": {
      "version": "4.9.5",
      "resolved": "https://registry.npmjs.org/typescript/-/typescript-4.9.5.tgz",
      "integrity": "sha512-1FXk9E2Hm+QzZQ7z+McJiHL4NW1F2EzMu9Nq9i3zAaGqibafqYwCVU6WyWAuyQRRzOlxou8xZSyXLEN8oKj24g=="
    }
  }
}
