{
  "name": "Permute",
  "version": "0.1.0",
  "lockfileVersion": 2,
  "requires": true,
  "packages": {
    "": {
      "name": "Permute",
      "version": "0.1.0",
      "hasInstallScript": true,
      "license": "MIT",
      "dependencies": {
        "permute-node": "../../../permute-node"
      }
    },
    "../../../permute-node": {
      "version": "0.1.0",
      "license": "ISC",
      "dependencies": {
        "typescript": "^4.5.4"
      },
      "devDependencies": {
        "@types/node": "^17.0.8",
        "cargo-cp-artifact": "^0.1"
      }
    },
    "node_modules/permute-node": {
      "resolved": "../../../permute-node",
      "link": true
    }
  },
  "dependencies": {
    "permute-node": {
      "version": "file:../../../permute-node",
      "requires": {
        "@types/node": "^17.0.8",
        "cargo-cp-artifact": "^0.1",
        "typescript": "^4.5.4"
      }
    }
  }
}