{
  "name": "Permute",
  "version": "0.4.3",
  "lockfileVersion": 1,
  "requires": true,
  "dependencies": {
    "permute-node": {
      "version": "file:../../../permute-node/permute-node-0.2.0.tgz",
      "integrity": "sha512-oGgsaXqhjQgSXHL0MjGxF3IID0v62MnVwnpVnSrgXyB5ssD1K+rr9k8FbI9s67peGTYhhcW8C4nJqrbhlQQiOQ==",
      "requires": {
        "typescript": "4.9.5"
      }
    },
    "typescript": {
      "version": "4.9.5",
      "resolved": "https://registry.npmjs.org/typescript/-/typescript-4.9.5.tgz",
      "integrity": "sha512-1FXk9E2Hm+QzZQ7z+McJiHL4NW1F2EzMu9Nq9i3zAaGqibafqYwCVU6WyWAuyQRRzOlxou8xZSyXLEN8oKj24g=="
    }
  }
}
